{
  "name": "hexo-site",
  "version": "0.0.0",
  "lockfileVersion": 1,
  "requires": true,
  "dependencies": {
    "hexo": {
      "version": "3.7.1",
      "resolved": "http://registry.npm.taobao.org/hexo/download/hexo-3.7.1.tgz",
      "dependencies": {
        "abbrev": {
          "version": "http://registry.npm.taobao.org/abbrev/download/abbrev-1.1.1.tgz",
          "bundled": true
        },
        "archy": {
          "version": "http://registry.npm.taobao.org/archy/download/archy-1.0.0.tgz",
          "bundled": true
        },
        "bluebird": {
          "version": "http://registry.npm.taobao.org/bluebird/download/bluebird-3.5.2.tgz",
          "bundled": true
        },
        "chalk": {
          "version": "http://registry.npm.taobao.org/chalk/download/chalk-2.4.1.tgz",
          "bundled": true
        },
        "cheerio": {
          "version": "http://registry.npm.taobao.org/cheerio/download/cheerio-0.22.0.tgz",
          "bundled": true
        },
        "hexo-cli": {
          "version": "http://registry.npm.taobao.org/hexo-cli/download/hexo-cli-1.1.0.tgz",
          "bundled": true
        },
        "hexo-front-matter": {
          "version": "http://registry.npm.taobao.org/hexo-front-matter/download/hexo-front-matter-0.2.3.tgz",
          "bundled": true
        },
        "hexo-fs": {
          "version": "http://registry.npm.taobao.org/hexo-fs/download/hexo-fs-0.2.3.tgz",
          "bundled": true,
          "dependencies": {
            "bluebird": {
              "version": "http://registry.npm.taobao.org/bluebird/download/bluebird-3.5.2.tgz"
            },
            "chokidar": {
              "version": "http://registry.npm.taobao.org/chokidar/download/chokidar-1.7.0.tgz",
              "dependencies": {
                "anymatch": {
                  "version": "http://registry.npm.taobao.org/anymatch/download/anymatch-1.3.2.tgz"
                },
                "async-each": {
                  "version": "http://registry.npm.taobao.org/async-each/download/async-each-1.0.1.tgz"
                },
                "glob-parent": {
                  "version": "http://registry.npm.taobao.org/glob-parent/download/glob-parent-2.0.0.tgz",
                  "dependencies": {
                    "is-glob": {
                      "version": "http://registry.npm.taobao.org/is-glob/download/is-glob-2.0.1.tgz",
                      "dependencies": {
                        "is-extglob": {
                          "version": "http://registry.npm.taobao.org/is-extglob/download/is-extglob-1.0.0.tgz"
                        }
                      }
                    }
                  }
                },
                "inherits": {
                  "version": "http://registry.npm.taobao.org/inherits/download/inherits-2.0.3.tgz"
                },
                "is-binary-path": {
                  "version": "http://registry.npm.taobao.org/is-binary-path/download/is-binary-path-1.0.1.tgz"
                },
                "is-glob": {
                  "version": "http://registry.npm.taobao.org/is-glob/download/is-glob-2.0.1.tgz",
                  "dependencies": {
                    "is-extglob": {
                      "version": "http://registry.npm.taobao.org/is-extglob/download/is-extglob-1.0.0.tgz"
                    }
                  }
                },
                "path-is-absolute": {
                  "version": "http://registry.npm.taobao.org/path-is-absolute/download/path-is-absolute-1.0.1.tgz"
                },
                "readdirp": {
                  "version": "http://registry.npm.taobao.org/readdirp/download/readdirp-2.1.0.tgz"
                }
              }
            },
            "escape-string-regexp": {
              "version": "http://registry.npm.taobao.org/escape-string-regexp/download/escape-string-regexp-1.0.5.tgz"
            },
            "graceful-fs": {
              "version": "http://registry.npm.taobao.org/graceful-fs/download/graceful-fs-4.1.11.tgz"
            }
          }
        },
        "hexo-i18n": {
          "version": "http://registry.npm.taobao.org/hexo-i18n/download/hexo-i18n-0.2.1.tgz",
          "bundled": true
        },
        "hexo-log": {
          "version": "http://registry.npm.taobao.org/hexo-log/download/hexo-log-0.2.0.tgz",
          "bundled": true,
          "dependencies": {
            "chalk": {
              "version": "http://registry.npm.taobao.org/chalk/download/chalk-1.1.3.tgz",
              "dependencies": {
                "ansi-styles": {
                  "version": "http://registry.npm.taobao.org/ansi-styles/download/ansi-styles-2.2.1.tgz"
                },
                "escape-string-regexp": {
                  "version": "http://registry.npm.taobao.org/escape-string-regexp/download/escape-string-regexp-1.0.5.tgz"
                },
                "has-ansi": {
                  "version": "http://registry.npm.taobao.org/has-ansi/download/has-ansi-2.0.0.tgz"
                },
                "strip-ansi": {
                  "version": "http://registry.npm.taobao.org/strip-ansi/download/strip-ansi-3.0.1.tgz"
                },
                "supports-color": {
                  "version": "http://registry.npm.taobao.org/supports-color/download/supports-color-2.0.0.tgz"
                }
              }
            },
            "hexo-bunyan": {
              "version": "http://registry.npm.taobao.org/hexo-bunyan/download/hexo-bunyan-1.0.0.tgz"
            }
          }
        },
        "hexo-util": {
          "version": "http://registry.npm.taobao.org/hexo-util/download/hexo-util-0.6.3.tgz",
          "bundled": true,
          "dependencies": {
            "bluebird": {
              "version": "http://registry.npm.taobao.org/bluebird/download/bluebird-3.5.2.tgz"
            },
            "camel-case": {
              "version": "http://registry.npm.taobao.org/camel-case/download/camel-case-3.0.0.tgz"
            },
            "cross-spawn": {
              "version": "http://registry.npm.taobao.org/cross-spawn/download/cross-spawn-4.0.2.tgz"
            },
            "highlight.js": {
              "version": "http://registry.npm.taobao.org/highlight.js/download/highlight.js-9.12.0.tgz"
            },
            "html-entities": {
              "version": "http://registry.npm.taobao.org/html-entities/download/html-entities-1.2.1.tgz"
            },
            "striptags": {
              "version": "http://registry.npm.taobao.org/striptags/download/striptags-2.2.1.tgz"
            }
          }
        },
        "js-yaml": {
          "version": "http://registry.npm.taobao.org/js-yaml/download/js-yaml-3.12.0.tgz",
          "bundled": true,
          "dependencies": {
            "argparse": {
              "version": "http://registry.npm.taobao.org/argparse/download/argparse-1.0.10.tgz"
            },
            "esprima": {
              "version": "http://registry.npm.taobao.org/esprima/download/esprima-4.0.1.tgz"
            }
          }
        },
        "lodash": {
          "version": "http://registry.npm.taobao.org/lodash/download/lodash-4.17.10.tgz",
          "bundled": true
        },
        "minimatch": {
          "version": "http://registry.npm.taobao.org/minimatch/download/minimatch-3.0.4.tgz",
          "bundled": true,
          "dependencies": {
            "brace-expansion": {
              "version": "http://registry.npm.taobao.org/brace-expansion/download/brace-expansion-1.1.11.tgz",
              "bundled": true
            }
          }
        },
        "moment": {
          "version": "http://registry.npm.taobao.org/moment/download/moment-2.22.2.tgz",
          "bundled": true
        },
        "moment-timezone": {
          "version": "http://registry.npm.taobao.org/moment-timezone/download/moment-timezone-0.5.21.tgz",
          "bundled": true
        },
        "nunjucks": {
          "version": "http://registry.npm.taobao.org/nunjucks/download/nunjucks-3.1.3.tgz",
          "bundled": true
        },
        "pretty-hrtime": {
          "version": "http://registry.npm.taobao.org/pretty-hrtime/download/pretty-hrtime-1.0.3.tgz",
          "bundled": true
        },
        "resolve": {
          "version": "http://registry.npm.taobao.org/resolve/download/resolve-1.8.1.tgz",
          "bundled": true,
          "dependencies": {
            "path-parse": {
              "version": "http://registry.npm.taobao.org/path-parse/download/path-parse-1.0.6.tgz",
              "bundled": true
            }
          }
        },
        "strip-ansi": {
          "version": "http://registry.npm.taobao.org/strip-ansi/download/strip-ansi-4.0.0.tgz",
          "bundled": true
        },
        "strip-indent": {
          "version": "http://registry.npm.taobao.org/strip-indent/download/strip-indent-2.0.0.tgz",
          "bundled": true
        },
        "swig-extras": {
          "version": "http://registry.npm.taobao.org/swig-extras/download/swig-extras-0.0.1.tgz",
          "bundled": true
        },
        "swig-templates": {
          "version": "http://registry.npm.taobao.org/swig-templates/download/swig-templates-2.0.3.tgz",
          "bundled": true
        },
        "text-table": {
          "version": "http://registry.npm.taobao.org/text-table/download/text-table-0.2.0.tgz",
          "bundled": true
        },
        "tildify": {
          "version": "http://registry.npm.taobao.org/tildify/download/tildify-1.2.0.tgz",
          "bundled": true,
          "dependencies": {
            "os-homedir": {
              "version": "http://registry.npm.taobao.org/os-homedir/download/os-homedir-1.0.2.tgz"
            }
          }
        },
        "titlecase": {
          "version": "http://registry.npm.taobao.org/titlecase/download/titlecase-1.1.2.tgz",
          "bundled": true
        },
        "warehouse": {
          "version": "http://registry.npm.taobao.org/warehouse/download/warehouse-2.2.0.tgz",
          "bundled": true
        }
      }
    },
    "hexo-filter-pathfix": {
      "version": "0.1.2",
      "resolved": "https://registry.npmjs.org/hexo-filter-pathfix/-/hexo-filter-pathfix-0.1.2.tgz",
      "integrity": "sha1-Djl5LzJJkgz59v197eQzo2fWOXU="
    },
    "hexo-generator-archive": {
      "version": "0.1.5",
      "resolved": "http://registry.npm.taobao.org/hexo-generator-archive/download/hexo-generator-archive-0.1.5.tgz",
      "dependencies": {
        "hexo-pagination": {
          "version": "http://registry.npm.taobao.org/hexo-pagination/download/hexo-pagination-0.0.2.tgz"
        },
        "object-assign": {
          "version": "http://registry.npm.taobao.org/object-assign/download/object-assign-2.1.1.tgz"
        }
      }
    },
    "hexo-generator-category": {
      "version": "0.1.3",
      "resolved": "http://registry.npm.taobao.org/hexo-generator-category/download/hexo-generator-category-0.1.3.tgz",
      "dependencies": {
        "hexo-pagination": {
          "version": "http://registry.npm.taobao.org/hexo-pagination/download/hexo-pagination-0.0.2.tgz",
          "bundled": true,
          "dependencies": {
            "utils-merge": {
              "version": "http://registry.npm.taobao.org/utils-merge/download/utils-merge-1.0.1.tgz",
              "bundled": true
            }
          }
        },
        "object-assign": {
          "version": "http://registry.npm.taobao.org/object-assign/download/object-assign-2.1.1.tgz",
          "bundled": true
        }
      }
    },
    "hexo-generator-index": {
      "version": "0.2.1",
      "resolved": "http://registry.npm.taobao.org/hexo-generator-index/download/hexo-generator-index-0.2.1.tgz",
      "dependencies": {
        "hexo-pagination": {
          "version": "http://registry.npm.taobao.org/hexo-pagination/download/hexo-pagination-0.0.2.tgz",
          "bundled": true,
          "dependencies": {
            "utils-merge": {
              "version": "http://registry.npm.taobao.org/utils-merge/download/utils-merge-1.0.1.tgz",
              "bundled": true
            }
          }
        },
        "object-assign": {
          "version": "http://registry.npm.taobao.org/object-assign/download/object-assign-4.1.1.tgz",
          "bundled": true
        }
      }
    },
    "hexo-generator-tag": {
      "version": "0.2.0",
      "resolved": "http://registry.npm.taobao.org/hexo-generator-tag/download/hexo-generator-tag-0.2.0.tgz",
      "dependencies": {
        "hexo-pagination": {
          "version": "http://registry.npm.taobao.org/hexo-pagination/download/hexo-pagination-0.0.2.tgz",
          "bundled": true,
          "dependencies": {
            "utils-merge": {
              "version": "http://registry.npm.taobao.org/utils-merge/download/utils-merge-1.0.1.tgz",
              "bundled": true
            }
          }
        },
        "object-assign": {
          "version": "http://registry.npm.taobao.org/object-assign/download/object-assign-4.1.1.tgz",
          "bundled": true
        }
      }
    },
    "hexo-renderer-ejs": {
      "version": "0.3.1",
      "resolved": "http://registry.npm.taobao.org/hexo-renderer-ejs/download/hexo-renderer-ejs-0.3.1.tgz",
      "dependencies": {
        "ejs": {
          "version": "http://registry.npm.taobao.org/ejs/download/ejs-2.6.1.tgz"
        },
        "object-assign": {
          "version": "http://registry.npm.taobao.org/object-assign/download/object-assign-4.1.1.tgz"
        }
      }
    },
    "hexo-renderer-marked": {
      "version": "0.3.2",
      "resolved": "http://registry.npm.taobao.org/hexo-renderer-marked/download/hexo-renderer-marked-0.3.2.tgz",
      "dependencies": {
        "hexo-util": {
          "version": "http://registry.npm.taobao.org/hexo-util/download/hexo-util-0.6.3.tgz",
          "dependencies": {
            "bluebird": {
              "version": "http://registry.npm.taobao.org/bluebird/download/bluebird-3.5.2.tgz"
            },
            "camel-case": {
              "version": "http://registry.npm.taobao.org/camel-case/download/camel-case-3.0.0.tgz"
            },
            "cross-spawn": {
              "version": "http://registry.npm.taobao.org/cross-spawn/download/cross-spawn-4.0.2.tgz"
            },
            "highlight.js": {
              "version": "http://registry.npm.taobao.org/highlight.js/download/highlight.js-9.12.0.tgz"
            },
            "html-entities": {
              "version": "http://registry.npm.taobao.org/html-entities/download/html-entities-1.2.1.tgz"
            },
            "striptags": {
              "version": "http://registry.npm.taobao.org/striptags/download/striptags-2.2.1.tgz"
            }
          }
        },
        "marked": {
          "version": "http://registry.npm.taobao.org/marked/download/marked-0.3.19.tgz"
        },
        "object-assign": {
          "version": "http://registry.npm.taobao.org/object-assign/download/object-assign-4.1.1.tgz"
        },
        "strip-indent": {
          "version": "http://registry.npm.taobao.org/strip-indent/download/strip-indent-2.0.0.tgz"
        }
      }
    },
    "hexo-renderer-stylus": {
      "version": "0.3.3",
      "resolved": "http://registry.npm.taobao.org/hexo-renderer-stylus/download/hexo-renderer-stylus-0.3.3.tgz",
      "dependencies": {
        "nib": {
          "version": "http://registry.npm.taobao.org/nib/download/nib-1.1.2.tgz",
          "dependencies": {
            "stylus": {
              "version": "http://registry.npm.taobao.org/stylus/download/stylus-0.54.5.tgz"
            }
          }
        },
        "stylus": {
          "version": "http://registry.npm.taobao.org/stylus/download/stylus-0.54.5.tgz",
          "dependencies": {
            "css-parse": {
              "version": "http://registry.npm.taobao.org/css-parse/download/css-parse-1.7.0.tgz",
              "bundled": true
            },
            "debug": {
              "version": "http://registry.npm.taobao.org/debug/download/debug-3.1.0.tgz",
              "bundled": true
            },
            "glob": {
              "version": "http://registry.npm.taobao.org/glob/download/glob-7.0.6.tgz",
              "bundled": true
            },
            "mkdirp": {
              "version": "http://registry.npm.taobao.org/mkdirp/download/mkdirp-0.5.1.tgz",
              "bundled": true,
              "dependencies": {
                "minimist": {
                  "version": "http://registry.npm.taobao.org/minimist/download/minimist-0.0.8.tgz"
                }
              }
            },
            "sax": {
              "version": "http://registry.npm.taobao.org/sax/download/sax-0.5.8.tgz",
              "bundled": true
            },
            "source-map": {
              "version": "http://registry.npm.taobao.org/source-map/download/source-map-0.1.43.tgz",
              "bundled": true
            }
          }
        }
      }
    },
    "hexo-server": {
      "version": "0.2.2",
      "resolved": "http://registry.npm.taobao.org/hexo-server/download/hexo-server-0.2.2.tgz",
      "dependencies": {
        "bluebird": {
          "version": "http://registry.npm.taobao.org/bluebird/download/bluebird-3.5.2.tgz"
        },
        "chalk": {
          "version": "http://registry.npm.taobao.org/chalk/download/chalk-1.1.3.tgz"
        },
        "compression": {
          "version": "http://registry.npm.taobao.org/compression/download/compression-1.7.3.tgz",
          "dependencies": {
            "accepts": {
              "version": "http://registry.npm.taobao.org/accepts/download/accepts-1.3.5.tgz",
              "dependencies": {
                "mime-types": {
                  "version": "http://registry.npm.taobao.org/mime-types/download/mime-types-2.1.20.tgz",
                  "bundled": true
                },
                "negotiator": {
                  "version": "http://registry.npm.taobao.org/negotiator/download/negotiator-0.6.1.tgz",
                  "bundled": true
                }
              }
            },
            "bytes": {
              "version": "http://registry.npm.taobao.org/bytes/download/bytes-3.0.0.tgz"
            },
            "compressible": {
              "version": "http://registry.npm.taobao.org/compressible/download/compressible-2.0.14.tgz"
            },
            "debug": {
              "version": "http://registry.npm.taobao.org/debug/download/debug-2.6.9.tgz"
            },
            "on-headers": {
              "version": "http://registry.npm.taobao.org/on-headers/download/on-headers-1.0.1.tgz"
            },
            "safe-buffer": {
              "version": "http://registry.npm.taobao.org/safe-buffer/download/safe-buffer-5.1.2.tgz"
            },
            "vary": {
              "version": "http://registry.npm.taobao.org/vary/download/vary-1.1.2.tgz"
            }
          }
        },
        "connect": {
          "version": "http://registry.npm.taobao.org/connect/download/connect-3.6.6.tgz",
          "dependencies": {
            "debug": {
              "version": "http://registry.npm.taobao.org/debug/download/debug-2.6.9.tgz",
              "bundled": true,
              "dependencies": {
                "ms": {
                  "version": "http://registry.npm.taobao.org/ms/download/ms-2.0.0.tgz"
                }
              }
            },
            "finalhandler": {
              "version": "http://registry.npm.taobao.org/finalhandler/download/finalhandler-1.1.0.tgz",
              "bundled": true
            },
            "parseurl": {
              "version": "http://registry.npm.taobao.org/parseurl/download/parseurl-1.3.2.tgz",
              "bundled": true
            },
            "utils-merge": {
              "version": "http://registry.npm.taobao.org/utils-merge/download/utils-merge-1.0.1.tgz",
              "bundled": true
            }
          }
        },
        "mime": {
          "version": "http://registry.npm.taobao.org/mime/download/mime-1.6.0.tgz"
        },
        "morgan": {
          "version": "http://registry.npm.taobao.org/morgan/download/morgan-1.9.0.tgz"
        },
        "object-assign": {
          "version": "http://registry.npm.taobao.org/object-assign/download/object-assign-4.1.1.tgz"
        },
        "opn": {
          "version": "http://registry.npm.taobao.org/opn/download/opn-4.0.2.tgz"
        },
        "serve-static": {
          "version": "http://registry.npm.taobao.org/serve-static/download/serve-static-1.13.2.tgz"
        }
      }
    },
    "koa": {
      "version": "2.5.2",
      "resolved": "http://registry.npm.taobao.org/koa/download/koa-2.5.2.tgz",
      "dependencies": {
        "accepts": {
          "version": "http://registry.npm.taobao.org/accepts/download/accepts-1.3.5.tgz",
          "bundled": true,
          "dependencies": {
            "mime-types": {
              "version": "http://registry.npm.taobao.org/mime-types/download/mime-types-2.1.20.tgz",
              "bundled": true
            },
            "negotiator": {
              "version": "http://registry.npm.taobao.org/negotiator/download/negotiator-0.6.1.tgz",
              "bundled": true
            }
          }
        },
        "cache-content-type": {
          "version": "http://registry.npm.taobao.org/cache-content-type/download/cache-content-type-1.0.1.tgz",
          "bundled": true,
          "dependencies": {
            "mime-types": {
              "version": "http://registry.npm.taobao.org/mime-types/download/mime-types-2.1.20.tgz",
              "bundled": true,
              "dependencies": {
                "mime-db": {
                  "version": "http://registry.npm.taobao.org/mime-db/download/mime-db-1.36.0.tgz",
                  "bundled": true
                }
              }
            },
            "ylru": {
              "version": "http://registry.npm.taobao.org/ylru/download/ylru-1.2.1.tgz",
              "bundled": true
            }
          }
        },
        "content-disposition": {
          "version": "http://registry.npm.taobao.org/content-disposition/download/content-disposition-0.5.2.tgz",
          "bundled": true
        },
        "content-type": {
          "version": "http://registry.npm.taobao.org/content-type/download/content-type-1.0.4.tgz",
          "bundled": true
        },
        "cookies": {
          "version": "http://registry.npm.taobao.org/cookies/download/cookies-0.7.1.tgz",
          "bundled": true
        },
        "debug": {
          "version": "http://registry.npm.taobao.org/debug/download/debug-3.1.0.tgz",
          "bundled": true,
          "dependencies": {
            "ms": {
              "version": "http://registry.npm.taobao.org/ms/download/ms-2.0.0.tgz",
              "bundled": true
            }
          }
        },
        "delegates": {
          "version": "http://registry.npm.taobao.org/delegates/download/delegates-1.0.0.tgz",
          "bundled": true
        },
        "depd": {
          "version": "http://registry.npm.taobao.org/depd/download/depd-1.1.2.tgz",
          "bundled": true
        },
        "destroy": {
          "version": "http://registry.npm.taobao.org/destroy/download/destroy-1.0.4.tgz",
          "bundled": true
        },
        "error-inject": {
          "version": "http://registry.npm.taobao.org/error-inject/download/error-inject-1.0.0.tgz",
          "bundled": true
        },
        "escape-html": {
          "version": "http://registry.npm.taobao.org/escape-html/download/escape-html-1.0.3.tgz",
          "bundled": true
        },
        "fresh": {
          "version": "http://registry.npm.taobao.org/fresh/download/fresh-0.5.2.tgz",
          "bundled": true
        },
        "http-assert": {
          "version": "http://registry.npm.taobao.org/http-assert/download/http-assert-1.3.0.tgz",
          "bundled": true
        },
        "http-errors": {
          "version": "http://registry.npm.taobao.org/http-errors/download/http-errors-1.7.0.tgz",
          "bundled": true,
          "dependencies": {
            "depd": {
              "version": "http://registry.npm.taobao.org/depd/download/depd-1.1.2.tgz"
            },
            "inherits": {
              "version": "http://registry.npm.taobao.org/inherits/download/inherits-2.0.3.tgz"
            },
            "setprototypeof": {
              "version": "http://registry.npm.taobao.org/setprototypeof/download/setprototypeof-1.1.0.tgz"
            },
            "statuses": {
              "version": "http://registry.npm.taobao.org/statuses/download/statuses-1.5.0.tgz"
            },
            "toidentifier": {
              "version": "http://registry.npm.taobao.org/toidentifier/download/toidentifier-1.0.0.tgz"
            }
          }
        },
        "is-generator-function": {
          "version": "http://registry.npm.taobao.org/is-generator-function/download/is-generator-function-1.0.7.tgz",
          "bundled": true
        },
        "koa-compose": {
          "version": "http://registry.npm.taobao.org/koa-compose/download/koa-compose-4.1.0.tgz",
          "bundled": true
        },
        "koa-convert": {
          "version": "http://registry.npm.taobao.org/koa-convert/download/koa-convert-1.2.0.tgz",
          "bundled": true
        },
        "koa-is-json": {
          "version": "http://registry.npm.taobao.org/koa-is-json/download/koa-is-json-1.0.0.tgz",
          "bundled": true
        },
        "on-finished": {
          "version": "http://registry.npm.taobao.org/on-finished/download/on-finished-2.3.0.tgz",
          "bundled": true,
          "dependencies": {
            "ee-first": {
              "version": "http://registry.npm.taobao.org/ee-first/download/ee-first-1.1.1.tgz",
              "bundled": true
            }
          }
        },
        "only": {
          "version": "http://registry.npm.taobao.org/only/download/only-0.0.2.tgz",
          "bundled": true
        },
        "parseurl": {
          "version": "http://registry.npm.taobao.org/parseurl/download/parseurl-1.3.2.tgz",
          "bundled": true
        },
        "statuses": {
          "version": "http://registry.npm.taobao.org/statuses/download/statuses-1.5.0.tgz",
          "bundled": true
        },
        "type-is": {
          "version": "http://registry.npm.taobao.org/type-is/download/type-is-1.6.16.tgz",
          "bundled": true
        },
        "vary": {
          "version": "http://registry.npm.taobao.org/vary/download/vary-1.1.2.tgz",
          "bundled": true
        }
      }
    },
    "koa-static": {
      "version": "5.0.0",
      "resolved": "http://registry.npm.taobao.org/koa-static/download/koa-static-5.0.0.tgz",
      "dependencies": {
        "debug": {
          "version": "http://registry.npm.taobao.org/debug/download/debug-3.1.0.tgz",
          "bundled": true,
          "dependencies": {
            "ms": {
              "version": "http://registry.npm.taobao.org/ms/download/ms-2.0.0.tgz",
              "bundled": true
            }
          }
        },
        "koa-send": {
          "version": "http://registry.npm.taobao.org/koa-send/download/koa-send-5.0.0.tgz",
          "bundled": true,
          "dependencies": {
            "debug": {
              "version": "http://registry.npm.taobao.org/debug/download/debug-3.1.0.tgz",
              "dependencies": {
                "ms": {
                  "version": "http://registry.npm.taobao.org/ms/download/ms-2.0.0.tgz",
                  "bundled": true
                }
              }
            },
            "http-errors": {
              "version": "http://registry.npm.taobao.org/http-errors/download/http-errors-1.7.0.tgz"
            },
            "mz": {
              "version": "http://registry.npm.taobao.org/mz/download/mz-2.7.0.tgz"
            },
            "resolve-path": {
              "version": "http://registry.npm.taobao.org/resolve-path/download/resolve-path-1.4.0.tgz"
            }
          }
        }
      }
    }
  }
}
